
Microsoft Visual Studio Solution File, Format Version 12.00
Project("{FAE04EC0-301F-11D3-BF4B-00C04F79EFBC}") = "Queue", "Queue\Queue.csproj", "{2DF681DD-95C6-4B1B-B6F1-9017ED910E83}"
EndProject
Global
	GlobalSection(SolutionConfigurationPlatforms) = preSolution
		Debug|Any CPU = Debug|Any CPU
		Release|Any CPU = Release|Any CPU
	EndGlobalSection
	GlobalSection(ProjectConfigurationPlatforms) = postSolution
		{2DF681DD-95C6-4B1B-B6F1-9017ED910E83}.Debug|Any CPU.ActiveCfg = Debug|Any CPU
		{2DF681DD-95C6-4B1B-B6F1-9017ED910E83}.Debug|Any CPU.Build.0 = Debug|Any CPU
		{2DF681DD-95C6-4B1B-B6F1-9017ED910E83}.Release|Any CPU.ActiveCfg = Release|Any CPU
		{2DF681DD-95C6-4B1B-B6F1-9017ED910E83}.Release|Any CPU.Build.0 = Release|Any CPU
	EndGlobalSection
EndGlobal
